
Microsoft Visual Studio Solution File, Format Version 12.00
# Visual Studio Version 17
VisualStudioVersion = 17.0.31919.166
MinimumVisualStudioVersion = 10.0.40219.1
Project("{FAE04EC0-301F-11D3-BF4B-00C04F79EFBC}") = "фяцычувксаепмир", "фяцычувксаепмир\фяцычувксаепмир.csproj", "{361718AF-F52B-4376-8008-69CA41E5497A}"
EndProject
Global
	GlobalSection(SolutionConfigurationPlatforms) = preSolution
		Debug|Any CPU = Debug|Any CPU
		Release|Any CPU = Release|Any CPU
	EndGlobalSection
	GlobalSection(ProjectConfigurationPlatforms) = postSolution
		{361718AF-F52B-4376-8008-69CA41E5497A}.Debug|Any CPU.ActiveCfg = Debug|Any CPU
		{361718AF-F52B-4376-8008-69CA41E5497A}.Debug|Any CPU.Build.0 = Debug|Any CPU
		{361718AF-F52B-4376-8008-69CA41E5497A}.Release|Any CPU.ActiveCfg = Release|Any CPU
		{361718AF-F52B-4376-8008-69CA41E5497A}.Release|Any CPU.Build.0 = Release|Any CPU
	EndGlobalSection
	GlobalSection(SolutionProperties) = preSolution
		HideSolutionNode = FALSE
	EndGlobalSection
	GlobalSection(ExtensibilityGlobals) = postSolution
		SolutionGuid = {3E28D66E-F484-42F0-8EDD-8EB2857ED6B2}
	EndGlobalSection
EndGlobal
